
Microsoft Visual Studio Solution File, Format Version 12.00
# Visual Studio Version 17
VisualStudioVersion = 17.3.32929.385
MinimumVisualStudioVersion = 10.0.40219.1
Project("{2150E333-8FDC-42A3-9474-1A3956D46DE8}") = "backend", "backend", "{C6AEA7B7-B524-47FF-89EC-9635BF263BE7}"
EndProject
Project("{2150E333-8FDC-42A3-9474-1A3956D46DE8}") = "frontent", "frontent", "{FBE6D7F6-FC5C-475B-A43A-088FC049C3B3}"
EndProject
Project("{9A19103F-16F7-4668-BE54-9A1E7A4F7556}") = "MaxiCrush.Infrastructure", "MaxiCrush.Infrastructure\MaxiCrush.Infrastructure.csproj", "{C2286841-0A55-4996-95ED-24A79352CBE4}"
EndProject
Project("{9A19103F-16F7-4668-BE54-9A1E7A4F7556}") = "MaxiCrush.Application", "MaxiCrush.Application\MaxiCrush.Application.csproj", "{82F8CB45-09F3-4131-B5C8-B10B9378D029}"
EndProject
Project("{9A19103F-16F7-4668-BE54-9A1E7A4F7556}") = "MaxiCrush.Domain", "MaxiCrush.Domain\MaxiCrush.Domain.csproj", "{8C35759E-C982-4661-9AAF-97A95A95522A}"
EndProject
Project("{9A19103F-16F7-4668-BE54-9A1E7A4F7556}") = "MaxiCrush.Contracts", "MaxiCrush.Contracts\MaxiCrush.Contracts.csproj", "{031546EC-CABA-4834-9C60-562C61A80A3D}"
EndProject
Project("{9A19103F-16F7-4668-BE54-9A1E7A4F7556}") = "MaxiCrush.Api", "MaxiCrush.Api\MaxiCrush.Api.csproj", "{434B6969-783C-4F00-9EFE-0503F4F0CA69}"
EndProject
Project("{2150E333-8FDC-42A3-9474-1A3956D46DE8}") = "Docs", "Docs", "{F68EBE7A-91CE-4BEB-9F07-8693D7935533}"
	ProjectSection(SolutionItems) = preProject
		Api.md = Api.md
		EntityModels.md = EntityModels.md
	EndProjectSection
EndProject
Project("{9A19103F-16F7-4668-BE54-9A1E7A4F7556}") = "MaxiCrush.AdminViewControl", "MaxiCrush.AdminViewControl\MaxiCrush.AdminViewControl.csproj", "{A6F63B9F-EA6E-4732-A46C-85DD7A50CC1F}"
EndProject
Project("{9A19103F-16F7-4668-BE54-9A1E7A4F7556}") = "MaxiCrush.RestClient", "MaxiCrush.RestClient\MaxiCrush.RestClient.csproj", "{D9AD9C80-2F37-4035-A486-A45844C49326}"
EndProject
Project("{9A19103F-16F7-4668-BE54-9A1E7A4F7556}") = "MaxiCrush.MobileApp", "MaxiCrush.MobileApp\MaxiCrush.MobileApp.csproj", "{09849DD8-A8E7-48FE-812F-B6010BA33CE7}"
EndProject
Project("{FAE04EC0-301F-11D3-BF4B-00C04F79EFBC}") = "MaxiCrush.MAUI", "MaxiCrush.MAUI\MaxiCrush.MAUI.csproj", "{D4069CD5-A8DB-4445-AF48-6CC65B7173A1}"
EndProject
Global
	GlobalSection(SolutionConfigurationPlatforms) = preSolution
		Debug|Any CPU = Debug|Any CPU
		Release|Any CPU = Release|Any CPU
	EndGlobalSection
	GlobalSection(ProjectConfigurationPlatforms) = postSolution
		{C2286841-0A55-4996-95ED-24A79352CBE4}.Debug|Any CPU.ActiveCfg = Debug|Any CPU
		{C2286841-0A55-4996-95ED-24A79352CBE4}.Debug|Any CPU.Build.0 = Debug|Any CPU
		{C2286841-0A55-4996-95ED-24A79352CBE4}.Release|Any CPU.ActiveCfg = Release|Any CPU
		{C2286841-0A55-4996-95ED-24A79352CBE4}.Release|Any CPU.Build.0 = Release|Any CPU
		{82F8CB45-09F3-4131-B5C8-B10B9378D029}.Debug|Any CPU.ActiveCfg = Debug|Any CPU
		{82F8CB45-09F3-4131-B5C8-B10B9378D029}.Debug|Any CPU.Build.0 = Debug|Any CPU
		{82F8CB45-09F3-4131-B5C8-B10B9378D029}.Release|Any CPU.ActiveCfg = Release|Any CPU
		{82F8CB45-09F3-4131-B5C8-B10B9378D029}.Release|Any CPU.Build.0 = Release|Any CPU
		{8C35759E-C982-4661-9AAF-97A95A95522A}.Debug|Any CPU.ActiveCfg = Debug|Any CPU
		{8C35759E-C982-4661-9AAF-97A95A95522A}.Debug|Any CPU.Build.0 = Debug|Any CPU
		{8C35759E-C982-4661-9AAF-97A95A95522A}.Release|Any CPU.ActiveCfg = Release|Any CPU
		{8C35759E-C982-4661-9AAF-97A95A95522A}.Release|Any CPU.Build.0 = Release|Any CPU
		{031546EC-CABA-4834-9C60-562C61A80A3D}.Debug|Any CPU.ActiveCfg = Debug|Any CPU
		{031546EC-CABA-4834-9C60-562C61A80A3D}.Debug|Any CPU.Build.0 = Debug|Any CPU
		{031546EC-CABA-4834-9C60-562C61A80A3D}.Release|Any CPU.ActiveCfg = Release|Any CPU
		{031546EC-CABA-4834-9C60-562C61A80A3D}.Release|Any CPU.Build.0 = Release|Any CPU
		{434B6969-783C-4F00-9EFE-0503F4F0CA69}.Debug|Any CPU.ActiveCfg = Debug|Any CPU
		{434B6969-783C-4F00-9EFE-0503F4F0CA69}.Debug|Any CPU.Build.0 = Debug|Any CPU
		{434B6969-783C-4F00-9EFE-0503F4F0CA69}.Release|Any CPU.ActiveCfg = Release|Any CPU
		{434B6969-783C-4F00-9EFE-0503F4F0CA69}.Release|Any CPU.Build.0 = Release|Any CPU
		{A6F63B9F-EA6E-4732-A46C-85DD7A50CC1F}.Debug|Any CPU.ActiveCfg = Debug|Any CPU
		{A6F63B9F-EA6E-4732-A46C-85DD7A50CC1F}.Debug|Any CPU.Build.0 = Debug|Any CPU
		{A6F63B9F-EA6E-4732-A46C-85DD7A50CC1F}.Release|Any CPU.ActiveCfg = Release|Any CPU
		{A6F63B9F-EA6E-4732-A46C-85DD7A50CC1F}.Release|Any CPU.Build.0 = Release|Any CPU
		{D9AD9C80-2F37-4035-A486-A45844C49326}.Debug|Any CPU.ActiveCfg = Debug|Any CPU
		{D9AD9C80-2F37-4035-A486-A45844C49326}.Debug|Any CPU.Build.0 = Debug|Any CPU
		{D9AD9C80-2F37-4035-A486-A45844C49326}.Release|Any CPU.ActiveCfg = Release|Any CPU
		{D9AD9C80-2F37-4035-A486-A45844C49326}.Release|Any CPU.Build.0 = Release|Any CPU
		{09849DD8-A8E7-48FE-812F-B6010BA33CE7}.Debug|Any CPU.ActiveCfg = Debug|Any CPU
		{09849DD8-A8E7-48FE-812F-B6010BA33CE7}.Debug|Any CPU.Build.0 = Debug|Any CPU
		{09849DD8-A8E7-48FE-812F-B6010BA33CE7}.Debug|Any CPU.Deploy.0 = Debug|Any CPU
		{09849DD8-A8E7-48FE-812F-B6010BA33CE7}.Release|Any CPU.ActiveCfg = Release|Any CPU
		{09849DD8-A8E7-48FE-812F-B6010BA33CE7}.Release|Any CPU.Build.0 = Release|Any CPU
		{09849DD8-A8E7-48FE-812F-B6010BA33CE7}.Release|Any CPU.Deploy.0 = Release|Any CPU
		{D4069CD5-A8DB-4445-AF48-6CC65B7173A1}.Debug|Any CPU.ActiveCfg = Debug|Any CPU
		{D4069CD5-A8DB-4445-AF48-6CC65B7173A1}.Debug|Any CPU.Build.0 = Debug|Any CPU
		{D4069CD5-A8DB-4445-AF48-6CC65B7173A1}.Debug|Any CPU.Deploy.0 = Debug|Any CPU
		{D4069CD5-A8DB-4445-AF48-6CC65B7173A1}.Release|Any CPU.ActiveCfg = Release|Any CPU
		{D4069CD5-A8DB-4445-AF48-6CC65B7173A1}.Release|Any CPU.Build.0 = Release|Any CPU
		{D4069CD5-A8DB-4445-AF48-6CC65B7173A1}.Release|Any CPU.Deploy.0 = Release|Any CPU
	EndGlobalSection
	GlobalSection(SolutionProperties) = preSolution
		HideSolutionNode = FALSE
	EndGlobalSection
	GlobalSection(NestedProjects) = preSolution
		{C2286841-0A55-4996-95ED-24A79352CBE4} = {C6AEA7B7-B524-47FF-89EC-9635BF263BE7}
		{82F8CB45-09F3-4131-B5C8-B10B9378D029} = {C6AEA7B7-B524-47FF-89EC-9635BF263BE7}
		{8C35759E-C982-4661-9AAF-97A95A95522A} = {C6AEA7B7-B524-47FF-89EC-9635BF263BE7}
		{031546EC-CABA-4834-9C60-562C61A80A3D} = {C6AEA7B7-B524-47FF-89EC-9635BF263BE7}
		{434B6969-783C-4F00-9EFE-0503F4F0CA69} = {C6AEA7B7-B524-47FF-89EC-9635BF263BE7}
		{F68EBE7A-91CE-4BEB-9F07-8693D7935533} = {C6AEA7B7-B524-47FF-89EC-9635BF263BE7}
		{A6F63B9F-EA6E-4732-A46C-85DD7A50CC1F} = {FBE6D7F6-FC5C-475B-A43A-088FC049C3B3}
		{D9AD9C80-2F37-4035-A486-A45844C49326} = {FBE6D7F6-FC5C-475B-A43A-088FC049C3B3}
		{09849DD8-A8E7-48FE-812F-B6010BA33CE7} = {FBE6D7F6-FC5C-475B-A43A-088FC049C3B3}
		{D4069CD5-A8DB-4445-AF48-6CC65B7173A1} = {FBE6D7F6-FC5C-475B-A43A-088FC049C3B3}
	EndGlobalSection
	GlobalSection(ExtensibilityGlobals) = postSolution
		SolutionGuid = {E6463F5D-8D43-4023-B8C5-2ADF00118DDC}
	EndGlobalSection
EndGlobal
